
Microsoft Visual Studio Solution File, Format Version 12.00
# Visual Studio Version 17
VisualStudioVersion = 17.14.36414.22 d17.14
MinimumVisualStudioVersion = 10.0.40219.1
Project("{FAE04EC0-301F-11D3-BF4B-00C04F79EFBC}") = "Jefit_test", "Jefit_test.csproj", "{890E3BDF-3149-4F27-8456-D5E296FF21FE}"
EndProject
Global
	GlobalSection(SolutionConfigurationPlatforms) = preSolution
		Debug|Any CPU = Debug|Any CPU
		Release|Any CPU = Release|Any CPU
	EndGlobalSection
	GlobalSection(ProjectConfigurationPlatforms) = postSolution
		{890E3BDF-3149-4F27-8456-D5E296FF21FE}.Debug|Any CPU.ActiveCfg = Debug|Any CPU
		{890E3BDF-3149-4F27-8456-D5E296FF21FE}.Debug|Any CPU.Build.0 = Debug|Any CPU
		{890E3BDF-3149-4F27-8456-D5E296FF21FE}.Release|Any CPU.ActiveCfg = Release|Any CPU
		{890E3BDF-3149-4F27-8456-D5E296FF21FE}.Release|Any CPU.Build.0 = Release|Any CPU
	EndGlobalSection
	GlobalSection(SolutionProperties) = preSolution
		HideSolutionNode = FALSE
	EndGlobalSection
	GlobalSection(ExtensibilityGlobals) = postSolution
		SolutionGuid = {21DC1345-1228-4899-83B5-91FE42B71DF1}
	EndGlobalSection
EndGlobal
